PODS:
  - ScrollController (0.1.0)
  - SnapKit (3.2.0)

DEPENDENCIES:
  - ScrollController (from `../`)
  - SnapKit

EXTERNAL SOURCES:
  ScrollController:
    :path: ../

SPEC CHECKSUMS:
  ScrollController: b3bffd47c0030a4230981476baf7b16f61304da6
  SnapKit: 1ca44df72cfa543218d177cb8aab029d10d86ea7

PODFILE CHECKSUM: bf86b09269411198c748b186c8272d9158186ff8

COCOAPODS: 1.2.1
