PODS:
  - SlideController (0.1.0)
  - SnapKit (3.2.0)

DEPENDENCIES:
  - SlideController (from `../`)
  - SnapKit

EXTERNAL SOURCES:
  SlideController:
    :path: ../

SPEC CHECKSUMS:
  SlideController: 1358951567a88b4b04106bfc82b015837d977962
  SnapKit: 1ca44df72cfa543218d177cb8aab029d10d86ea7

PODFILE CHECKSUM: 032dabe9ffce432dd65e6d3ffb3054350cfb0946

COCOAPODS: 1.2.1
