// !$*UTF8*$!
{
	archiveVersion = 1;
	classes = {
	};
	objectVersion = 46;
	objects = {

/* Begin PBXBuildFile section */
		607FACE01AFB9204008FA782 /* LaunchScreen.xib in Resources */ = {isa = PBXBuildFile; fileRef = 607FACDE1AFB9204008FA782 /* LaunchScreen.xib */; };
		607FACEC1AFB9204008FA782 /* Tests.swift in Sources */ = {isa = PBXBuildFile; fileRef = 607FACEB1AFB9204008FA782 /* Tests.swift */; };
		86CFA4291F4491F400C4B1A4 /* Images.xcassets in Resources */ = {isa = PBXBuildFile; fileRef = 86CFA4281F4491F400C4B1A4 /* Images.xcassets */; };
		86D7AD841F44842E00B65941 /* RootRouter.swift in Sources */ = {isa = PBXBuildFile; fileRef = 86D7AD831F44842E00B65941 /* RootRouter.swift */; };
		86D7AD871F44843800B65941 /* ClosureButton.swift in Sources */ = {isa = PBXBuildFile; fileRef = 86D7AD851F44843800B65941 /* ClosureButton.swift */; };
		86D7AD881F44843800B65941 /* FilledButton.swift in Sources */ = {isa = PBXBuildFile; fileRef = 86D7AD861F44843800B65941 /* FilledButton.swift */; };
		86D7AD8C1F44844A00B65941 /* RootUINavigationController.swift in Sources */ = {isa = PBXBuildFile; fileRef = 86D7AD891F44844A00B65941 /* RootUINavigationController.swift */; };
		86D7AD8D1F44844A00B65941 /* ContentUIViewController.swift in Sources */ = {isa = PBXBuildFile; fileRef = 86D7AD8A1F44844A00B65941 /* ContentUIViewController.swift */; };
		86D7AD8E1F44844A00B65941 /* LifecycleContentUIViewController.swift in Sources */ = {isa = PBXBuildFile; fileRef = 86D7AD8B1F44844A00B65941 /* LifecycleContentUIViewController.swift */; };
		86D7AD911F44849700B65941 /* ClosureButtonDesignable.swift in Sources */ = {isa = PBXBuildFile; fileRef = 86D7AD901F44849700B65941 /* ClosureButtonDesignable.swift */; };
		86D7AD941F44849D00B65941 /* ColorController.swift in Sources */ = {isa = PBXBuildFile; fileRef = 86D7AD921F44849D00B65941 /* ColorController.swift */; };
		86D7AD951F44849D00B65941 /* ColorView.swift in Sources */ = {isa = PBXBuildFile; fileRef = 86D7AD931F44849D00B65941 /* ColorView.swift */; };
		86D7AD981F4484A500B65941 /* SignInController.swift in Sources */ = {isa = PBXBuildFile; fileRef = 86D7AD961F4484A500B65941 /* SignInController.swift */; };
		86D7AD991F4484A500B65941 /* SignInView.swift in Sources */ = {isa = PBXBuildFile; fileRef = 86D7AD971F4484A500B65941 /* SignInView.swift */; };
		86D7AD9C1F44892200B65941 /* MainController.swift in Sources */ = {isa = PBXBuildFile; fileRef = 86D7AD9A1F44892200B65941 /* MainController.swift */; };
		86D7AD9D1F44892200B65941 /* MainView.swift in Sources */ = {isa = PBXBuildFile; fileRef = 86D7AD9B1F44892200B65941 /* MainView.swift */; };
		86D7ADA41F44895100B65941 /* Page3LifeCycleObject.swift in Sources */ = {isa = PBXBuildFile; fileRef = 86D7ADA31F44895100B65941 /* Page3LifeCycleObject.swift */; };
		86D7ADA61F44895700B65941 /* Page2LifeCycleObject.swift in Sources */ = {isa = PBXBuildFile; fileRef = 86D7ADA51F44895700B65941 /* Page2LifeCycleObject.swift */; };
		86D7ADA81F44895D00B65941 /* Page1LifeCycleObject.swift in Sources */ = {isa = PBXBuildFile; fileRef = 86D7ADA71F44895D00B65941 /* Page1LifeCycleObject.swift */; };
		86D7ADAB1F44896300B65941 /* LogoutController.swift in Sources */ = {isa = PBXBuildFile; fileRef = 86D7ADA91F44896300B65941 /* LogoutController.swift */; };
		86D7ADAC1F44896300B65941 /* LogoutView.swift in Sources */ = {isa = PBXBuildFile; fileRef = 86D7ADAA1F44896300B65941 /* LogoutView.swift */; };
		86D7ADAF1F44896A00B65941 /* MainTitleItem.swift in Sources */ = {isa = PBXBuildFile; fileRef = 86D7ADAD1F44896A00B65941 /* MainTitleItem.swift */; };
		86D7ADB01F44896A00B65941 /* MainTitleScrollView.swift in Sources */ = {isa = PBXBuildFile; fileRef = 86D7ADAE1F44896A00B65941 /* MainTitleScrollView.swift */; };
		86EE777B1F4491B6009FCDB3 /* AppDelegate.swift in Sources */ = {isa = PBXBuildFile; fileRef = 86EE777A1F4491B6009FCDB3 /* AppDelegate.swift */; };
		AD817F5C8752A3A99B45F29F /* Pods_SlideController_Example.framework in Frameworks */ = {isa = PBXBuildFile; fileRef = 51E9E6A30D87A3394BD3AD62 /* Pods_SlideController_Example.framework */; };
		F0DB67F7CEC13D1EAF4D13C5 /* Pods_SlideController_Tests.framework in Frameworks */ = {isa = PBXBuildFile; fileRef = EEC61E3A4E0A664CF3A05DEF /* Pods_SlideController_Tests.framework */; };
/* End PBXBuildFile section */

/* Begin PBXContainerItemProxy section */
		607FACE61AFB9204008FA782 /* PBXContainerItemProxy */ = {
			isa = PBXContainerItemProxy;
			containerPortal = 607FACC81AFB9204008FA782 /* Project object */;
			proxyType = 1;
			remoteGlobalIDString = 607FACCF1AFB9204008FA782;
			remoteInfo = ScrollController;
		};
/* End PBXContainerItemProxy section */

/* Begin PBXFileReference section */
		1C26AC9D07488618EB90D408 /* Pods-SlideController_Tests.release.xcconfig */ = {isa = PBXFileReference; includeInIndex = 1; lastKnownFileType = text.xcconfig; name = "Pods-SlideController_Tests.release.xcconfig"; path = "Pods/Target Support Files/Pods-SlideController_Tests/Pods-SlideController_Tests.release.xcconfig"; sourceTree = "<group>"; };
		51E9E6A30D87A3394BD3AD62 /* Pods_SlideController_Example.framework */ = {isa = PBXFileReference; explicitFileType = wrapper.framework; includeInIndex = 0; path = Pods_SlideController_Example.framework; sourceTree = BUILT_PRODUCTS_DIR; };
		5D950FB8A6A37006F61D4EE5 /* LICENSE */ = {isa = PBXFileReference; includeInIndex = 1; lastKnownFileType = text; name = LICENSE; path = ../LICENSE; sourceTree = "<group>"; };
		607FACD01AFB9204008FA782 /* SlideController_Example.app */ = {isa = PBXFileReference; explicitFileType = wrapper.application; includeInIndex = 0; path = SlideController_Example.app; sourceTree = BUILT_PRODUCTS_DIR; };
		607FACD41AFB9204008FA782 /* Info.plist */ = {isa = PBXFileReference; lastKnownFileType = text.plist.xml; path = Info.plist; sourceTree = "<group>"; };
		607FACDF1AFB9204008FA782 /* Base */ = {isa = PBXFileReference; lastKnownFileType = file.xib; name = Base; path = Base.lproj/LaunchScreen.xib; sourceTree = "<group>"; };
		607FACE51AFB9204008FA782 /* SlideController_Tests.xctest */ = {isa = PBXFileReference; explicitFileType = wrapper.cfbundle; includeInIndex = 0; path = SlideController_Tests.xctest; sourceTree = BUILT_PRODUCTS_DIR; };
		607FACEA1AFB9204008FA782 /* Info.plist */ = {isa = PBXFileReference; lastKnownFileType = text.plist.xml; path = Info.plist; sourceTree = "<group>"; };
		607FACEB1AFB9204008FA782 /* Tests.swift */ = {isa = PBXFileReference; lastKnownFileType = sourcecode.swift; path = Tests.swift; sourceTree = "<group>"; };
		69140845719AC2F8D792D5A8 /* Pods-SlideController_Example.debug.xcconfig */ = {isa = PBXFileReference; includeInIndex = 1; lastKnownFileType = text.xcconfig; name = "Pods-SlideController_Example.debug.xcconfig"; path = "Pods/Target Support Files/Pods-SlideController_Example/Pods-SlideController_Example.debug.xcconfig"; sourceTree = "<group>"; };
		73B0B87031A1BF0AA80FC37A /* Pods-SlideController_Example.release.xcconfig */ = {isa = PBXFileReference; includeInIndex = 1; lastKnownFileType = text.xcconfig; name = "Pods-SlideController_Example.release.xcconfig"; path = "Pods/Target Support Files/Pods-SlideController_Example/Pods-SlideController_Example.release.xcconfig"; sourceTree = "<group>"; };
		7B04C0304503DA1562F61347 /* SlideController.podspec */ = {isa = PBXFileReference; includeInIndex = 1; lastKnownFileType = text; name = SlideController.podspec; path = ../SlideController.podspec; sourceTree = "<group>"; };
		86CFA4281F4491F400C4B1A4 /* Images.xcassets */ = {isa = PBXFileReference; lastKnownFileType = folder.assetcatalog; path = Images.xcassets; sourceTree = "<group>"; };
		86D7AD831F44842E00B65941 /* RootRouter.swift */ = {isa = PBXFileReference; fileEncoding = 4; lastKnownFileType = sourcecode.swift; path = RootRouter.swift; sourceTree = "<group>"; };
		86D7AD851F44843800B65941 /* ClosureButton.swift */ = {isa = PBXFileReference; fileEncoding = 4; lastKnownFileType = sourcecode.swift; path = ClosureButton.swift; sourceTree = "<group>"; };
		86D7AD861F44843800B65941 /* FilledButton.swift */ = {isa = PBXFileReference; fileEncoding = 4; lastKnownFileType = sourcecode.swift; path = FilledButton.swift; sourceTree = "<group>"; };
		86D7AD891F44844A00B65941 /* RootUINavigationController.swift */ = {isa = PBXFileReference; fileEncoding = 4; lastKnownFileType = sourcecode.swift; path = RootUINavigationController.swift; sourceTree = "<group>"; };
		86D7AD8A1F44844A00B65941 /* ContentUIViewController.swift */ = {isa = PBXFileReference; fileEncoding = 4; lastKnownFileType = sourcecode.swift; path = ContentUIViewController.swift; sourceTree = "<group>"; };
		86D7AD8B1F44844A00B65941 /* LifecycleContentUIViewController.swift */ = {isa = PBXFileReference; fileEncoding = 4; lastKnownFileType = sourcecode.swift; path = LifecycleContentUIViewController.swift; sourceTree = "<group>"; };
		86D7AD901F44849700B65941 /* ClosureButtonDesignable.swift */ = {isa = PBXFileReference; fileEncoding = 4; lastKnownFileType = sourcecode.swift; path = ClosureButtonDesignable.swift; sourceTree = "<group>"; };
		86D7AD921F44849D00B65941 /* ColorController.swift */ = {isa = PBXFileReference; fileEncoding = 4; lastKnownFileType = sourcecode.swift; path = ColorController.swift; sourceTree = "<group>"; };
		86D7AD931F44849D00B65941 /* ColorView.swift */ = {isa = PBXFileReference; fileEncoding = 4; lastKnownFileType = sourcecode.swift; path = ColorView.swift; sourceTree = "<group>"; };
		86D7AD961F4484A500B65941 /* SignInController.swift */ = {isa = PBXFileReference; fileEncoding = 4; lastKnownFileType = sourcecode.swift; path = SignInController.swift; sourceTree = "<group>"; };
		86D7AD971F4484A500B65941 /* SignInView.swift */ = {isa = PBXFileReference; fileEncoding = 4; lastKnownFileType = sourcecode.swift; path = SignInView.swift; sourceTree = "<group>"; };
		86D7AD9A1F44892200B65941 /* MainController.swift */ = {isa = PBXFileReference; fileEncoding = 4; lastKnownFileType = sourcecode.swift; path = MainController.swift; sourceTree = "<group>"; };
		86D7AD9B1F44892200B65941 /* MainView.swift */ = {isa = PBXFileReference; fileEncoding = 4; lastKnownFileType = sourcecode.swift; path = MainView.swift; sourceTree = "<group>"; };
		86D7ADA31F44895100B65941 /* Page3LifeCycleObject.swift */ = {isa = PBXFileReference; fileEncoding = 4; lastKnownFileType = sourcecode.swift; path = Page3LifeCycleObject.swift; sourceTree = "<group>"; };
		86D7ADA51F44895700B65941 /* Page2LifeCycleObject.swift */ = {isa = PBXFileReference; fileEncoding = 4; lastKnownFileType = sourcecode.swift; path = Page2LifeCycleObject.swift; sourceTree = "<group>"; };
		86D7ADA71F44895D00B65941 /* Page1LifeCycleObject.swift */ = {isa = PBXFileReference; fileEncoding = 4; lastKnownFileType = sourcecode.swift; path = Page1LifeCycleObject.swift; sourceTree = "<group>"; };
		86D7ADA91F44896300B65941 /* LogoutController.swift */ = {isa = PBXFileReference; fileEncoding = 4; lastKnownFileType = sourcecode.swift; path = LogoutController.swift; sourceTree = "<group>"; };
		86D7ADAA1F44896300B65941 /* LogoutView.swift */ = {isa = PBXFileReference; fileEncoding = 4; lastKnownFileType = sourcecode.swift; path = LogoutView.swift; sourceTree = "<group>"; };
		86D7ADAD1F44896A00B65941 /* MainTitleItem.swift */ = {isa = PBXFileReference; fileEncoding = 4; lastKnownFileType = sourcecode.swift; path = MainTitleItem.swift; sourceTree = "<group>"; };
		86D7ADAE1F44896A00B65941 /* MainTitleScrollView.swift */ = {isa = PBXFileReference; fileEncoding = 4; lastKnownFileType = sourcecode.swift; path = MainTitleScrollView.swift; sourceTree = "<group>"; };
		86EE777A1F4491B6009FCDB3 /* AppDelegate.swift */ = {isa = PBXFileReference; fileEncoding = 4; lastKnownFileType = sourcecode.swift; path = AppDelegate.swift; sourceTree = "<group>"; };
		E1AEA2A998395087E8500157 /* Pods-SlideController_Tests.debug.xcconfig */ = {isa = PBXFileReference; includeInIndex = 1; lastKnownFileType = text.xcconfig; name = "Pods-SlideController_Tests.debug.xcconfig"; path = "Pods/Target Support Files/Pods-SlideController_Tests/Pods-SlideController_Tests.debug.xcconfig"; sourceTree = "<group>"; };
		EEC61E3A4E0A664CF3A05DEF /* Pods_SlideController_Tests.framework */ = {isa = PBXFileReference; explicitFileType = wrapper.framework; includeInIndex = 0; path = Pods_SlideController_Tests.framework; sourceTree = BUILT_PRODUCTS_DIR; };
		F82E08E1A9F482FC66A45FD2 /* README.md */ = {isa = PBXFileReference; includeInIndex = 1; lastKnownFileType = net.daringfireball.markdown; name = README.md; path = ../README.md; sourceTree = "<group>"; };
/* End PBXFileReference section */

/* Begin PBXFrameworksBuildPhase section */
		607FACCD1AFB9204008FA782 /* Frameworks */ = {
			isa = PBXFrameworksBuildPhase;
			buildActionMask = 2147483647;
			files = (
				AD817F5C8752A3A99B45F29F /* Pods_SlideController_Example.framework in Frameworks */,
			);
			runOnlyForDeploymentPostprocessing = 0;
		};
		607FACE21AFB9204008FA782 /* Frameworks */ = {
			isa = PBXFrameworksBuildPhase;
			buildActionMask = 2147483647;
			files = (
				F0DB67F7CEC13D1EAF4D13C5 /* Pods_SlideController_Tests.framework in Frameworks */,
			);
			runOnlyForDeploymentPostprocessing = 0;
		};
/* End PBXFrameworksBuildPhase section */

/* Begin PBXGroup section */
		574344416FCA673DAB8E0E83 /* Frameworks */ = {
			isa = PBXGroup;
			children = (
				51E9E6A30D87A3394BD3AD62 /* Pods_SlideController_Example.framework */,
				EEC61E3A4E0A664CF3A05DEF /* Pods_SlideController_Tests.framework */,
			);
			name = Frameworks;
			sourceTree = "<group>";
		};
		607FACC71AFB9204008FA782 = {
			isa = PBXGroup;
			children = (
				607FACF51AFB993E008FA782 /* Metadata */,
				607FACD21AFB9204008FA782 /* Example */,
				607FACE81AFB9204008FA782 /* Tests */,
				607FACD11AFB9204008FA782 /* Products */,
				6B6F905875D0F85831AFC745 /* Pods */,
				574344416FCA673DAB8E0E83 /* Frameworks */,
			);
			sourceTree = "<group>";
		};
		607FACD11AFB9204008FA782 /* Products */ = {
			isa = PBXGroup;
			children = (
				607FACD01AFB9204008FA782 /* SlideController_Example.app */,
				607FACE51AFB9204008FA782 /* SlideController_Tests.xctest */,
			);
			name = Products;
			sourceTree = "<group>";
		};
		607FACD21AFB9204008FA782 /* Example */ = {
			isa = PBXGroup;
			children = (
				86D7AD7D1F4483C900B65941 /* Routers */,
				86D7AD811F4483F200B65941 /* Core */,
				86D7AD801F4483ED00B65941 /* Protocols */,
				86D7AD8F1F44847D00B65941 /* ColorController */,
				86D7AD7F1F4483E700B65941 /* SignIn */,
				86D7AD7E1F4483D200B65941 /* Main */,
				86EE777A1F4491B6009FCDB3 /* AppDelegate.swift */,
				86CFA4281F4491F400C4B1A4 /* Images.xcassets */,
				607FACDE1AFB9204008FA782 /* LaunchScreen.xib */,
				607FACD31AFB9204008FA782 /* Supporting Files */,
			);
			name = Example;
			path = SlideController;
			sourceTree = "<group>";
		};
		607FACD31AFB9204008FA782 /* Supporting Files */ = {
			isa = PBXGroup;
			children = (
				607FACD41AFB9204008FA782 /* Info.plist */,
			);
			name = "Supporting Files";
			sourceTree = "<group>";
		};
		607FACE81AFB9204008FA782 /* Tests */ = {
			isa = PBXGroup;
			children = (
				607FACEB1AFB9204008FA782 /* Tests.swift */,
				607FACE91AFB9204008FA782 /* Supporting Files */,
			);
			path = Tests;
			sourceTree = "<group>";
		};
		607FACE91AFB9204008FA782 /* Supporting Files */ = {
			isa = PBXGroup;
			children = (
				607FACEA1AFB9204008FA782 /* Info.plist */,
			);
			name = "Supporting Files";
			sourceTree = "<group>";
		};
		607FACF51AFB993E008FA782 /* Metadata */ = {
			isa = PBXGroup;
			children = (
				7B04C0304503DA1562F61347 /* SlideController.podspec */,
				F82E08E1A9F482FC66A45FD2 /* README.md */,
				5D950FB8A6A37006F61D4EE5 /* LICENSE */,
			);
			name = Metadata;
			sourceTree = "<group>";
		};
		6B6F905875D0F85831AFC745 /* Pods */ = {
			isa = PBXGroup;
			children = (
				69140845719AC2F8D792D5A8 /* Pods-SlideController_Example.debug.xcconfig */,
				73B0B87031A1BF0AA80FC37A /* Pods-SlideController_Example.release.xcconfig */,
				E1AEA2A998395087E8500157 /* Pods-SlideController_Tests.debug.xcconfig */,
				1C26AC9D07488618EB90D408 /* Pods-SlideController_Tests.release.xcconfig */,
			);
			name = Pods;
			sourceTree = "<group>";
		};
		86D7AD7D1F4483C900B65941 /* Routers */ = {
			isa = PBXGroup;
			children = (
				86D7AD831F44842E00B65941 /* RootRouter.swift */,
			);
			name = Routers;
			sourceTree = "<group>";
		};
		86D7AD7E1F4483D200B65941 /* Main */ = {
			isa = PBXGroup;
			children = (
				86D7AD9A1F44892200B65941 /* MainController.swift */,
				86D7AD9B1F44892200B65941 /* MainView.swift */,
				86D7ADA21F44894200B65941 /* Menu */,
				86D7ADA11F44893900B65941 /* BottomController */,
				86D7ADA01F44893300B65941 /* Page 1 */,
				86D7AD9F1F44892C00B65941 /* Page 2 */,
				86D7AD9E1F44892600B65941 /* Page 3 */,
			);
			name = Main;
			sourceTree = "<group>";
		};
		86D7AD7F1F4483E700B65941 /* SignIn */ = {
			isa = PBXGroup;
			children = (
				86D7AD961F4484A500B65941 /* SignInController.swift */,
				86D7AD971F4484A500B65941 /* SignInView.swift */,
			);
			name = SignIn;
			sourceTree = "<group>";
		};
		86D7AD801F4483ED00B65941 /* Protocols */ = {
			isa = PBXGroup;
			children = (
				86D7AD901F44849700B65941 /* ClosureButtonDesignable.swift */,
			);
			name = Protocols;
			sourceTree = "<group>";
		};
		86D7AD811F4483F200B65941 /* Core */ = {
			isa = PBXGroup;
			children = (
				86D7AD821F44840C00B65941 /* Buttons */,
				86D7AD891F44844A00B65941 /* RootUINavigationController.swift */,
				86D7AD8A1F44844A00B65941 /* ContentUIViewController.swift */,
				86D7AD8B1F44844A00B65941 /* LifecycleContentUIViewController.swift */,
			);
			name = Core;
			sourceTree = "<group>";
		};
		86D7AD821F44840C00B65941 /* Buttons */ = {
			isa = PBXGroup;
			children = (
				86D7AD851F44843800B65941 /* ClosureButton.swift */,
				86D7AD861F44843800B65941 /* FilledButton.swift */,
			);
			name = Buttons;
			sourceTree = "<group>";
		};
		86D7AD8F1F44847D00B65941 /* ColorController */ = {
			isa = PBXGroup;
			children = (
				86D7AD921F44849D00B65941 /* ColorController.swift */,
				86D7AD931F44849D00B65941 /* ColorView.swift */,
			);
			name = ColorController;
			sourceTree = "<group>";
		};
		86D7AD9E1F44892600B65941 /* Page 3 */ = {
			isa = PBXGroup;
			children = (
				86D7ADA31F44895100B65941 /* Page3LifeCycleObject.swift */,
			);
			name = "Page 3";
			sourceTree = "<group>";
		};
		86D7AD9F1F44892C00B65941 /* Page 2 */ = {
			isa = PBXGroup;
			children = (
				86D7ADA51F44895700B65941 /* Page2LifeCycleObject.swift */,
			);
			name = "Page 2";
			sourceTree = "<group>";
		};
		86D7ADA01F44893300B65941 /* Page 1 */ = {
			isa = PBXGroup;
			children = (
				86D7ADA71F44895D00B65941 /* Page1LifeCycleObject.swift */,
			);
			name = "Page 1";
			sourceTree = "<group>";
		};
		86D7ADA11F44893900B65941 /* BottomController */ = {
			isa = PBXGroup;
			children = (
				86D7ADA91F44896300B65941 /* LogoutController.swift */,
				86D7ADAA1F44896300B65941 /* LogoutView.swift */,
			);
			name = BottomController;
			sourceTree = "<group>";
		};
		86D7ADA21F44894200B65941 /* Menu */ = {
			isa = PBXGroup;
			children = (
				86D7ADAD1F44896A00B65941 /* MainTitleItem.swift */,
				86D7ADAE1F44896A00B65941 /* MainTitleScrollView.swift */,
			);
			name = Menu;
			sourceTree = "<group>";
		};
/* End PBXGroup section */

/* Begin PBXNativeTarget section */
		607FACCF1AFB9204008FA782 /* SlideController_Example */ = {
			isa = PBXNativeTarget;
			buildConfigurationList = 607FACEF1AFB9204008FA782 /* Build configuration list for PBXNativeTarget "SlideController_Example" */;
			buildPhases = (
				ACDB559F8A58E0CFB7404A67 /* [CP] Check Pods Manifest.lock */,
				607FACCC1AFB9204008FA782 /* Sources */,
				607FACCD1AFB9204008FA782 /* Frameworks */,
				607FACCE1AFB9204008FA782 /* Resources */,
				5CD114BDE1D948665653BD60 /* [CP] Embed Pods Frameworks */,
				9AB2D76026202B8460A769F8 /* [CP] Copy Pods Resources */,
			);
			buildRules = (
			);
			dependencies = (
			);
			name = SlideController_Example;
			productName = ScrollController;
			productReference = 607FACD01AFB9204008FA782 /* SlideController_Example.app */;
			productType = "com.apple.product-type.application";
		};
		607FACE41AFB9204008FA782 /* SlideController_Tests */ = {
			isa = PBXNativeTarget;
			buildConfigurationList = 607FACF21AFB9204008FA782 /* Build configuration list for PBXNativeTarget "SlideController_Tests" */;
			buildPhases = (
				FFA0BF62F24722AD2156005C /* [CP] Check Pods Manifest.lock */,
				607FACE11AFB9204008FA782 /* Sources */,
				607FACE21AFB9204008FA782 /* Frameworks */,
				607FACE31AFB9204008FA782 /* Resources */,
				485B7DA23D4B5D84CF6A9E81 /* [CP] Embed Pods Frameworks */,
				6E2A7A2FC6D4C9D5F4115FE5 /* [CP] Copy Pods Resources */,
			);
			buildRules = (
			);
			dependencies = (
				607FACE71AFB9204008FA782 /* PBXTargetDependency */,
			);
			name = SlideController_Tests;
			productName = Tests;
			productReference = 607FACE51AFB9204008FA782 /* SlideController_Tests.xctest */;
			productType = "com.apple.product-type.bundle.unit-test";
		};
/* End PBXNativeTarget section */

/* Begin PBXProject section */
		607FACC81AFB9204008FA782 /* Project object */ = {
			isa = PBXProject;
			attributes = {
				LastSwiftUpdateCheck = 0720;
				LastUpgradeCheck = 0900;
				ORGANIZATIONNAME = CocoaPods;
				TargetAttributes = {
					607FACCF1AFB9204008FA782 = {
						CreatedOnToolsVersion = 6.3.1;
						DevelopmentTeam = 6YEZFVM74X;
						LastSwiftMigration = 0900;
					};
					607FACE41AFB9204008FA782 = {
						CreatedOnToolsVersion = 6.3.1;
						DevelopmentTeam = 6YEZFVM74X;
						LastSwiftMigration = 0900;
						TestTargetID = 607FACCF1AFB9204008FA782;
					};
				};
			};
			buildConfigurationList = 607FACCB1AFB9204008FA782 /* Build configuration list for PBXProject "SlideController" */;
			compatibilityVersion = "Xcode 3.2";
			developmentRegion = English;
			hasScannedForEncodings = 0;
			knownRegions = (
				en,
				Base,
			);
			mainGroup = 607FACC71AFB9204008FA782;
			productRefGroup = 607FACD11AFB9204008FA782 /* Products */;
			projectDirPath = "";
			projectRoot = "";
			targets = (
				607FACCF1AFB9204008FA782 /* SlideController_Example */,
				607FACE41AFB9204008FA782 /* SlideController_Tests */,
			);
		};
/* End PBXProject section */

/* Begin PBXResourcesBuildPhase section */
		607FACCE1AFB9204008FA782 /* Resources */ = {
			isa = PBXResourcesBuildPhase;
			buildActionMask = 2147483647;
			files = (
				607FACE01AFB9204008FA782 /* LaunchScreen.xib in Resources */,
				86CFA4291F4491F400C4B1A4 /* Images.xcassets in Resources */,
			);
			runOnlyForDeploymentPostprocessing = 0;
		};
		607FACE31AFB9204008FA782 /* Resources */ = {
			isa = PBXResourcesBuildPhase;
			buildActionMask = 2147483647;
			files = (
			);
			runOnlyForDeploymentPostprocessing = 0;
		};
/* End PBXResourcesBuildPhase section */

/* Begin PBXShellScriptBuildPhase section */
		485B7DA23D4B5D84CF6A9E81 /* [CP] Embed Pods Frameworks */ = {
			isa = PBXShellScriptBuildPhase;
			buildActionMask = 2147483647;
			files = (
			);
			inputPaths = (
			);
			name = "[CP] Embed Pods Frameworks";
			outputPaths = (
			);
			runOnlyForDeploymentPostprocessing = 0;
			shellPath = /bin/sh;
			shellScript = "\"${SRCROOT}/Pods/Target Support Files/Pods-SlideController_Tests/Pods-SlideController_Tests-frameworks.sh\"\n";
			showEnvVarsInLog = 0;
		};
		5CD114BDE1D948665653BD60 /* [CP] Embed Pods Frameworks */ = {
			isa = PBXShellScriptBuildPhase;
			buildActionMask = 2147483647;
			files = (
			);
			inputPaths = (
			);
			name = "[CP] Embed Pods Frameworks";
			outputPaths = (
			);
			runOnlyForDeploymentPostprocessing = 0;
			shellPath = /bin/sh;
			shellScript = "\"${SRCROOT}/Pods/Target Support Files/Pods-SlideController_Example/Pods-SlideController_Example-frameworks.sh\"\n";
			showEnvVarsInLog = 0;
		};
		6E2A7A2FC6D4C9D5F4115FE5 /* [CP] Copy Pods Resources */ = {
			isa = PBXShellScriptBuildPhase;
			buildActionMask = 2147483647;
			files = (
			);
			inputPaths = (
			);
			name = "[CP] Copy Pods Resources";
			outputPaths = (
			);
			runOnlyForDeploymentPostprocessing = 0;
			shellPath = /bin/sh;
			shellScript = "\"${SRCROOT}/Pods/Target Support Files/Pods-SlideController_Tests/Pods-SlideController_Tests-resources.sh\"\n";
			showEnvVarsInLog = 0;
		};
		9AB2D76026202B8460A769F8 /* [CP] Copy Pods Resources */ = {
			isa = PBXShellScriptBuildPhase;
			buildActionMask = 2147483647;
			files = (
			);
			inputPaths = (
			);
			name = "[CP] Copy Pods Resources";
			outputPaths = (
			);
			runOnlyForDeploymentPostprocessing = 0;
			shellPath = /bin/sh;
			shellScript = "\"${SRCROOT}/Pods/Target Support Files/Pods-SlideController_Example/Pods-SlideController_Example-resources.sh\"\n";
			showEnvVarsInLog = 0;
		};
		ACDB559F8A58E0CFB7404A67 /* [CP] Check Pods Manifest.lock */ = {
			isa = PBXShellScriptBuildPhase;
			buildActionMask = 2147483647;
			files = (
			);
			inputPaths = (
			);
			name = "[CP] Check Pods Manifest.lock";
			outputPaths = (
			);
			runOnlyForDeploymentPostprocessing = 0;
			shellPath = /bin/sh;
			shellScript = "diff \"${PODS_PODFILE_DIR_PATH}/Podfile.lock\" \"${PODS_ROOT}/Manifest.lock\" > /dev/null\nif [ $? != 0 ] ; then\n    # print error to STDERR\n    echo \"error: The sandbox is not in sync with the Podfile.lock. Run 'pod install' or update your CocoaPods installation.\" >&2\n    exit 1\nfi\n";
			showEnvVarsInLog = 0;
		};
		FFA0BF62F24722AD2156005C /* [CP] Check Pods Manifest.lock */ = {
			isa = PBXShellScriptBuildPhase;
			buildActionMask = 2147483647;
			files = (
			);
			inputPaths = (
			);
			name = "[CP] Check Pods Manifest.lock";
			outputPaths = (
			);
			runOnlyForDeploymentPostprocessing = 0;
			shellPath = /bin/sh;
			shellScript = "diff \"${PODS_PODFILE_DIR_PATH}/Podfile.lock\" \"${PODS_ROOT}/Manifest.lock\" > /dev/null\nif [ $? != 0 ] ; then\n    # print error to STDERR\n    echo \"error: The sandbox is not in sync with the Podfile.lock. Run 'pod install' or update your CocoaPods installation.\" >&2\n    exit 1\nfi\n";
			showEnvVarsInLog = 0;
		};
/* End PBXShellScriptBuildPhase section */

/* Begin PBXSourcesBuildPhase section */
		607FACCC1AFB9204008FA782 /* Sources */ = {
			isa = PBXSourcesBuildPhase;
			buildActionMask = 2147483647;
			files = (
				86D7ADA41F44895100B65941 /* Page3LifeCycleObject.swift in Sources */,
				86D7AD8D1F44844A00B65941 /* ContentUIViewController.swift in Sources */,
				86D7AD9D1F44892200B65941 /* MainView.swift in Sources */,
				86D7AD941F44849D00B65941 /* ColorController.swift in Sources */,
				86D7AD951F44849D00B65941 /* ColorView.swift in Sources */,
				86D7AD8E1F44844A00B65941 /* LifecycleContentUIViewController.swift in Sources */,
				86D7AD881F44843800B65941 /* FilledButton.swift in Sources */,
				86D7AD841F44842E00B65941 /* RootRouter.swift in Sources */,
				86D7AD911F44849700B65941 /* ClosureButtonDesignable.swift in Sources */,
				86D7ADAB1F44896300B65941 /* LogoutController.swift in Sources */,
				86D7ADAC1F44896300B65941 /* LogoutView.swift in Sources */,
				86D7AD981F4484A500B65941 /* SignInController.swift in Sources */,
				86D7ADA61F44895700B65941 /* Page2LifeCycleObject.swift in Sources */,
				86D7ADB01F44896A00B65941 /* MainTitleScrollView.swift in Sources */,
				86D7AD8C1F44844A00B65941 /* RootUINavigationController.swift in Sources */,
				86D7AD871F44843800B65941 /* ClosureButton.swift in Sources */,
				86D7ADAF1F44896A00B65941 /* MainTitleItem.swift in Sources */,
				86D7AD9C1F44892200B65941 /* MainController.swift in Sources */,
				86EE777B1F4491B6009FCDB3 /* AppDelegate.swift in Sources */,
				86D7ADA81F44895D00B65941 /* Page1LifeCycleObject.swift in Sources */,
				86D7AD991F4484A500B65941 /* SignInView.swift in Sources */,
			);
			runOnlyForDeploymentPostprocessing = 0;
		};
		607FACE11AFB9204008FA782 /* Sources */ = {
			isa = PBXSourcesBuildPhase;
			buildActionMask = 2147483647;
			files = (
				607FACEC1AFB9204008FA782 /* Tests.swift in Sources */,
			);
			runOnlyForDeploymentPostprocessing = 0;
		};
/* End PBXSourcesBuildPhase section */

/* Begin PBXTargetDependency section */
		607FACE71AFB9204008FA782 /* PBXTargetDependency */ = {
			isa = PBXTargetDependency;
			target = 607FACCF1AFB9204008FA782 /* SlideController_Example */;
			targetProxy = 607FACE61AFB9204008FA782 /* PBXContainerItemProxy */;
		};
/* End PBXTargetDependency section */

/* Begin PBXVariantGroup section */
		607FACDE1AFB9204008FA782 /* LaunchScreen.xib */ = {
			isa = PBXVariantGroup;
			children = (
				607FACDF1AFB9204008FA782 /* Base */,
			);
			name = LaunchScreen.xib;
			sourceTree = "<group>";
		};
/* End PBXVariantGroup section */

/* Begin XCBuildConfiguration section */
		607FACED1AFB9204008FA782 /* Debug */ = {
			isa = XCBuildConfiguration;
			buildSettings = {
				ALWAYS_SEARCH_USER_PATHS = NO;
				CLANG_CXX_LANGUAGE_STANDARD = "gnu++0x";
				CLANG_CXX_LIBRARY = "libc++";
				CLANG_ENABLE_MODULES = YES;
				CLANG_ENABLE_OBJC_ARC = YES;
				CLANG_WARN_BLOCK_CAPTURE_AUTORELEASING = YES;
				CLANG_WARN_BOOL_CONVERSION = YES;
				CLANG_WARN_COMMA = YES;
				CLANG_WARN_CONSTANT_CONVERSION = YES;
				CLANG_WARN_DIRECT_OBJC_ISA_USAGE = YES_ERROR;
				CLANG_WARN_EMPTY_BODY = YES;
				CLANG_WARN_ENUM_CONVERSION = YES;
				CLANG_WARN_INFINITE_RECURSION = YES;
				CLANG_WARN_INT_CONVERSION = YES;
				CLANG_WARN_NON_LITERAL_NULL_CONVERSION = YES;
				CLANG_WARN_OBJC_LITERAL_CONVERSION = YES;
				CLANG_WARN_OBJC_ROOT_CLASS = YES_ERROR;
				CLANG_WARN_RANGE_LOOP_ANALYSIS = YES;
				CLANG_WARN_STRICT_PROTOTYPES = YES;
				CLANG_WARN_SUSPICIOUS_MOVE = YES;
				CLANG_WARN_UNREACHABLE_CODE = YES;
				CLANG_WARN__DUPLICATE_METHOD_MATCH = YES;
				"CODE_SIGN_IDENTITY[sdk=iphoneos*]" = "iPhone Developer";
				COPY_PHASE_STRIP = NO;
				DEBUG_INFORMATION_FORMAT = "dwarf-with-dsym";
				ENABLE_STRICT_OBJC_MSGSEND = YES;
				ENABLE_TESTABILITY = YES;
				GCC_C_LANGUAGE_STANDARD = gnu99;
				GCC_DYNAMIC_NO_PIC = NO;
				GCC_NO_COMMON_BLOCKS = YES;
				GCC_OPTIMIZATION_LEVEL = 0;
				GCC_PREPROCESSOR_DEFINITIONS = (
					"DEBUG=1",
					"$(inherited)",
				);
				GCC_SYMBOLS_PRIVATE_EXTERN = NO;
				GCC_WARN_64_TO_32_BIT_CONVERSION = YES;
				GCC_WARN_ABOUT_RETURN_TYPE = YES_ERROR;
				GCC_WARN_UNDECLARED_SELECTOR = YES;
				GCC_WARN_UNINITIALIZED_AUTOS = YES_AGGRESSIVE;
				GCC_WARN_UNUSED_FUNCTION = YES;
				GCC_WARN_UNUSED_VARIABLE = YES;
				IPHONEOS_DEPLOYMENT_TARGET = 9.0;
				MTL_ENABLE_DEBUG_INFO = YES;
				ONLY_ACTIVE_ARCH = YES;
				SDKROOT = iphoneos;
				SWIFT_OPTIMIZATION_LEVEL = "-Onone";
				SWIFT_SWIFT3_OBJC_INFERENCE = Default;
			};
			name = Debug;
		};
		607FACEE1AFB9204008FA782 /* Release */ = {
			isa = XCBuildConfiguration;
			buildSettings = {
				ALWAYS_SEARCH_USER_PATHS = NO;
				CLANG_CXX_LANGUAGE_STANDARD = "gnu++0x";
				CLANG_CXX_LIBRARY = "libc++";
				CLANG_ENABLE_MODULES = YES;
				CLANG_ENABLE_OBJC_ARC = YES;
				CLANG_WARN_BLOCK_CAPTURE_AUTORELEASING = YES;
				CLANG_WARN_BOOL_CONVERSION = YES;
				CLANG_WARN_COMMA = YES;
				CLANG_WARN_CONSTANT_CONVERSION = YES;
				CLANG_WARN_DIRECT_OBJC_ISA_USAGE = YES_ERROR;
				CLANG_WARN_EMPTY_BODY = YES;
				CLANG_WARN_ENUM_CONVERSION = YES;
				CLANG_WARN_INFINITE_RECURSION = YES;
				CLANG_WARN_INT_CONVERSION = YES;
				CLANG_WARN_NON_LITERAL_NULL_CONVERSION = YES;
				CLANG_WARN_OBJC_LITERAL_CONVERSION = YES;
				CLANG_WARN_OBJC_ROOT_CLASS = YES_ERROR;
				CLANG_WARN_RANGE_LOOP_ANALYSIS = YES;
				CLANG_WARN_STRICT_PROTOTYPES = YES;
				CLANG_WARN_SUSPICIOUS_MOVE = YES;
				CLANG_WARN_UNREACHABLE_CODE = YES;
				CLANG_WARN__DUPLICATE_METHOD_MATCH = YES;
				"CODE_SIGN_IDENTITY[sdk=iphoneos*]" = "iPhone Developer";
				COPY_PHASE_STRIP = NO;
				DEBUG_INFORMATION_FORMAT = "dwarf-with-dsym";
				ENABLE_NS_ASSERTIONS = NO;
				ENABLE_STRICT_OBJC_MSGSEND = YES;
				GCC_C_LANGUAGE_STANDARD = gnu99;
				GCC_NO_COMMON_BLOCKS = YES;
				GCC_WARN_64_TO_32_BIT_CONVERSION = YES;
				GCC_WARN_ABOUT_RETURN_TYPE = YES_ERROR;
				GCC_WARN_UNDECLARED_SELECTOR = YES;
				GCC_WARN_UNINITIALIZED_AUTOS = YES_AGGRESSIVE;
				GCC_WARN_UNUSED_FUNCTION = YES;
				GCC_WARN_UNUSED_VARIABLE = YES;
				IPHONEOS_DEPLOYMENT_TARGET = 9.0;
				MTL_ENABLE_DEBUG_INFO = NO;
				SDKROOT = iphoneos;
				SWIFT_OPTIMIZATION_LEVEL = "-Owholemodule";
				SWIFT_SWIFT3_OBJC_INFERENCE = Default;
				VALIDATE_PRODUCT = YES;
			};
			name = Release;
		};
		607FACF01AFB9204008FA782 /* Debug */ = {
			isa = XCBuildConfiguration;
			baseConfigurationReference = 69140845719AC2F8D792D5A8 /* Pods-SlideController_Example.debug.xcconfig */;
			buildSettings = {
				ALWAYS_EMBED_SWIFT_STANDARD_LIBRARIES = YES;
				ASSETCATALOG_COMPILER_APPICON_NAME = AppIcon;
				DEVELOPMENT_TEAM = 6YEZFVM74X;
				INFOPLIST_FILE = SlideController/Info.plist;
				IPHONEOS_DEPLOYMENT_TARGET = 9.0;
				LD_RUNPATH_SEARCH_PATHS = "$(inherited) @executable_path/Frameworks";
				MODULE_NAME = ExampleApp;
				PRODUCT_BUNDLE_IDENTIFIER = "org.cocoapods.demo.$(PRODUCT_NAME:rfc1034identifier)";
				PRODUCT_NAME = "$(TARGET_NAME)";
				SWIFT_SWIFT3_OBJC_INFERENCE = Default;
				SWIFT_VERSION = 4.0;
			};
			name = Debug;
		};
		607FACF11AFB9204008FA782 /* Release */ = {
			isa = XCBuildConfiguration;
			baseConfigurationReference = 73B0B87031A1BF0AA80FC37A /* Pods-SlideController_Example.release.xcconfig */;
			buildSettings = {
				ALWAYS_EMBED_SWIFT_STANDARD_LIBRARIES = YES;
				ASSETCATALOG_COMPILER_APPICON_NAME = AppIcon;
				DEVELOPMENT_TEAM = 6YEZFVM74X;
				INFOPLIST_FILE = SlideController/Info.plist;
				IPHONEOS_DEPLOYMENT_TARGET = 9.0;
				LD_RUNPATH_SEARCH_PATHS = "$(inherited) @executable_path/Frameworks";
				MODULE_NAME = ExampleApp;
				PRODUCT_BUNDLE_IDENTIFIER = "org.cocoapods.demo.$(PRODUCT_NAME:rfc1034identifier)";
				PRODUCT_NAME = "$(TARGET_NAME)";
				SWIFT_SWIFT3_OBJC_INFERENCE = Default;
				SWIFT_VERSION = 4.0;
			};
			name = Release;
		};
		607FACF31AFB9204008FA782 /* Debug */ = {
			isa = XCBuildConfiguration;
			baseConfigurationReference = E1AEA2A998395087E8500157 /* Pods-SlideController_Tests.debug.xcconfig */;
			buildSettings = {
				DEVELOPMENT_TEAM = 6YEZFVM74X;
				FRAMEWORK_SEARCH_PATHS = (
					"$(SDKROOT)/Developer/Library/Frameworks",
					"$(inherited)",
				);
				GCC_PREPROCESSOR_DEFINITIONS = (
					"DEBUG=1",
					"$(inherited)",
				);
				INFOPLIST_FILE = Tests/Info.plist;
				LD_RUNPATH_SEARCH_PATHS = "$(inherited) @executable_path/Frameworks @loader_path/Frameworks";
				PRODUCT_BUNDLE_IDENTIFIER = "org.cocoapods.$(PRODUCT_NAME:rfc1034identifier)";
				PRODUCT_NAME = "$(TARGET_NAME)";
				SWIFT_SWIFT3_OBJC_INFERENCE = Default;
				SWIFT_VERSION = 4.0;
			};
			name = Debug;
		};
		607FACF41AFB9204008FA782 /* Release */ = {
			isa = XCBuildConfiguration;
			baseConfigurationReference = 1C26AC9D07488618EB90D408 /* Pods-SlideController_Tests.release.xcconfig */;
			buildSettings = {
				DEVELOPMENT_TEAM = 6YEZFVM74X;
				FRAMEWORK_SEARCH_PATHS = (
					"$(SDKROOT)/Developer/Library/Frameworks",
					"$(inherited)",
				);
				INFOPLIST_FILE = Tests/Info.plist;
				LD_RUNPATH_SEARCH_PATHS = "$(inherited) @executable_path/Frameworks @loader_path/Frameworks";
				PRODUCT_BUNDLE_IDENTIFIER = "org.cocoapods.$(PRODUCT_NAME:rfc1034identifier)";
				PRODUCT_NAME = "$(TARGET_NAME)";
				SWIFT_SWIFT3_OBJC_INFERENCE = Default;
				SWIFT_VERSION = 4.0;
			};
			name = Release;
		};
/* End XCBuildConfiguration section */

/* Begin XCConfigurationList section */
		607FACCB1AFB9204008FA782 /* Build configuration list for PBXProject "SlideController" */ = {
			isa = XCConfigurationList;
			buildConfigurations = (
				607FACED1AFB9204008FA782 /* Debug */,
				607FACEE1AFB9204008FA782 /* Release */,
			);
			defaultConfigurationIsVisible = 0;
			defaultConfigurationName = Release;
		};
		607FACEF1AFB9204008FA782 /* Build configuration list for PBXNativeTarget "SlideController_Example" */ = {
			isa = XCConfigurationList;
			buildConfigurations = (
				607FACF01AFB9204008FA782 /* Debug */,
				607FACF11AFB9204008FA782 /* Release */,
			);
			defaultConfigurationIsVisible = 0;
			defaultConfigurationName = Release;
		};
		607FACF21AFB9204008FA782 /* Build configuration list for PBXNativeTarget "SlideController_Tests" */ = {
			isa = XCConfigurationList;
			buildConfigurations = (
				607FACF31AFB9204008FA782 /* Debug */,
				607FACF41AFB9204008FA782 /* Release */,
			);
			defaultConfigurationIsVisible = 0;
			defaultConfigurationName = Release;
		};
/* End XCConfigurationList section */
	};
	rootObject = 607FACC81AFB9204008FA782 /* Project object */;
}
