// !$*UTF8*$!
{
	archiveVersion = 1;
	classes = {
	};
	objectVersion = 48;
	objects = {

/* Begin PBXBuildFile section */
		86473D491FBB150A00055999 /* SlideController.framework in Frameworks */ = {isa = PBXBuildFile; fileRef = 86473D3F1FBB150A00055999 /* SlideController.framework */; };
		86473D501FBB150A00055999 /* SlideController.h in Headers */ = {isa = PBXBuildFile; fileRef = 86473D421FBB150A00055999 /* SlideController.h */; settings = {ATTRIBUTES = (Public, ); }; };
		86473D681FBB158C00055999 /* SlideController.swift in Sources */ = {isa = PBXBuildFile; fileRef = 86473D5D1FBB158B00055999 /* SlideController.swift */; };
		86473D691FBB158C00055999 /* SlideContainerView.swift in Sources */ = {isa = PBXBuildFile; fileRef = 86473D5E1FBB158B00055999 /* SlideContainerView.swift */; };
		86473D6A1FBB158C00055999 /* SlideView.swift in Sources */ = {isa = PBXBuildFile; fileRef = 86473D5F1FBB158B00055999 /* SlideView.swift */; };
		86473D6B1FBB158C00055999 /* SlideContentView.swift in Sources */ = {isa = PBXBuildFile; fileRef = 86473D601FBB158B00055999 /* SlideContentView.swift */; };
		86473D6D1FBB158C00055999 /* TitleItemController.swift in Sources */ = {isa = PBXBuildFile; fileRef = 86473D621FBB158B00055999 /* TitleItemController.swift */; };
		86473D6E1FBB158C00055999 /* SlideContentController.swift in Sources */ = {isa = PBXBuildFile; fileRef = 86473D631FBB158B00055999 /* SlideContentController.swift */; };
		86473D6F1FBB158C00055999 /* TitleScrollView.swift in Sources */ = {isa = PBXBuildFile; fileRef = 86473D641FBB158C00055999 /* TitleScrollView.swift */; };
		86473D701FBB158C00055999 /* TitleSlidableController.swift in Sources */ = {isa = PBXBuildFile; fileRef = 86473D651FBB158C00055999 /* TitleSlidableController.swift */; };
		86473D711FBB158C00055999 /* SlideContainerController.swift in Sources */ = {isa = PBXBuildFile; fileRef = 86473D661FBB158C00055999 /* SlideContainerController.swift */; };
		86473D721FBB158C00055999 /* SlideLifeCycleObjectBuilder.swift in Sources */ = {isa = PBXBuildFile; fileRef = 86473D671FBB158C00055999 /* SlideLifeCycleObjectBuilder.swift */; };
		86473D751FBB15A400055999 /* TestableLifeCycleObject.swift in Sources */ = {isa = PBXBuildFile; fileRef = 86473D731FBB15A400055999 /* TestableLifeCycleObject.swift */; };
		86473D761FBB15A400055999 /* AppendTests.swift in Sources */ = {isa = PBXBuildFile; fileRef = 86473D741FBB15A400055999 /* AppendTests.swift */; };
		86473D781FBB165700055999 /* TestTitleScrollView.swift in Sources */ = {isa = PBXBuildFile; fileRef = 86473D771FBB165700055999 /* TestTitleScrollView.swift */; };
		86473D7A1FBB166900055999 /* TestTitleItem.swift in Sources */ = {isa = PBXBuildFile; fileRef = 86473D791FBB166900055999 /* TestTitleItem.swift */; };
		8647C09F1FBC2EF500850ED5 /* RemoveTests.swift in Sources */ = {isa = PBXBuildFile; fileRef = 8647C09E1FBC2EF500850ED5 /* RemoveTests.swift */; };
		86C452561FBB454500BB1542 /* BaseTestCase.swift in Sources */ = {isa = PBXBuildFile; fileRef = 86C452551FBB454500BB1542 /* BaseTestCase.swift */; };
		86C452581FBB463A00BB1542 /* InsertTests.swift in Sources */ = {isa = PBXBuildFile; fileRef = 86C452571FBB463A00BB1542 /* InsertTests.swift */; };
		86EF198D1FBB219900BD8E73 /* README.md in Resources */ = {isa = PBXBuildFile; fileRef = 86EF198A1FBB219900BD8E73 /* README.md */; };
		86EF198E1FBB219900BD8E73 /* LICENSE in Resources */ = {isa = PBXBuildFile; fileRef = 86EF198B1FBB219900BD8E73 /* LICENSE */; };
		86EF198F1FBB219900BD8E73 /* SlideController.podspec in Resources */ = {isa = PBXBuildFile; fileRef = 86EF198C1FBB219900BD8E73 /* SlideController.podspec */; };
		DD2C57641FC4129A006CC356 /* LoadTests.swift in Sources */ = {isa = PBXBuildFile; fileRef = DD2C57631FC4129A006CC356 /* LoadTests.swift */; };
		DD30948C1FF51D940035D1CC /* ShiftTests.swift in Sources */ = {isa = PBXBuildFile; fileRef = DD30948B1FF51D940035D1CC /* ShiftTests.swift */; };
/* End PBXBuildFile section */

/* Begin PBXContainerItemProxy section */
		86473D4A1FBB150A00055999 /* PBXContainerItemProxy */ = {
			isa = PBXContainerItemProxy;
			containerPortal = 86473D361FBB150A00055999 /* Project object */;
			proxyType = 1;
			remoteGlobalIDString = 86473D3E1FBB150A00055999;
			remoteInfo = SlideController;
		};
/* End PBXContainerItemProxy section */

/* Begin PBXFileReference section */
		86473D3F1FBB150A00055999 /* SlideController.framework */ = {isa = PBXFileReference; explicitFileType = wrapper.framework; includeInIndex = 0; path = SlideController.framework; sourceTree = BUILT_PRODUCTS_DIR; };
		86473D421FBB150A00055999 /* SlideController.h */ = {isa = PBXFileReference; lastKnownFileType = sourcecode.c.h; path = SlideController.h; sourceTree = "<group>"; };
		86473D431FBB150A00055999 /* Info.plist */ = {isa = PBXFileReference; lastKnownFileType = text.plist.xml; path = Info.plist; sourceTree = "<group>"; };
		86473D481FBB150A00055999 /* Tests.xctest */ = {isa = PBXFileReference; explicitFileType = wrapper.cfbundle; includeInIndex = 0; path = Tests.xctest; sourceTree = BUILT_PRODUCTS_DIR; };
		86473D4F1FBB150A00055999 /* Info.plist */ = {isa = PBXFileReference; lastKnownFileType = text.plist.xml; path = Info.plist; sourceTree = "<group>"; };
		86473D5D1FBB158B00055999 /* SlideController.swift */ = {isa = PBXFileReference; fileEncoding = 4; lastKnownFileType = sourcecode.swift; path = SlideController.swift; sourceTree = "<group>"; };
		86473D5E1FBB158B00055999 /* SlideContainerView.swift */ = {isa = PBXFileReference; fileEncoding = 4; lastKnownFileType = sourcecode.swift; path = SlideContainerView.swift; sourceTree = "<group>"; };
		86473D5F1FBB158B00055999 /* SlideView.swift */ = {isa = PBXFileReference; fileEncoding = 4; lastKnownFileType = sourcecode.swift; path = SlideView.swift; sourceTree = "<group>"; };
		86473D601FBB158B00055999 /* SlideContentView.swift */ = {isa = PBXFileReference; fileEncoding = 4; lastKnownFileType = sourcecode.swift; path = SlideContentView.swift; sourceTree = "<group>"; };
		86473D621FBB158B00055999 /* TitleItemController.swift */ = {isa = PBXFileReference; fileEncoding = 4; lastKnownFileType = sourcecode.swift; path = TitleItemController.swift; sourceTree = "<group>"; };
		86473D631FBB158B00055999 /* SlideContentController.swift */ = {isa = PBXFileReference; fileEncoding = 4; lastKnownFileType = sourcecode.swift; path = SlideContentController.swift; sourceTree = "<group>"; };
		86473D641FBB158C00055999 /* TitleScrollView.swift */ = {isa = PBXFileReference; fileEncoding = 4; lastKnownFileType = sourcecode.swift; path = TitleScrollView.swift; sourceTree = "<group>"; };
		86473D651FBB158C00055999 /* TitleSlidableController.swift */ = {isa = PBXFileReference; fileEncoding = 4; lastKnownFileType = sourcecode.swift; path = TitleSlidableController.swift; sourceTree = "<group>"; };
		86473D661FBB158C00055999 /* SlideContainerController.swift */ = {isa = PBXFileReference; fileEncoding = 4; lastKnownFileType = sourcecode.swift; path = SlideContainerController.swift; sourceTree = "<group>"; };
		86473D671FBB158C00055999 /* SlideLifeCycleObjectBuilder.swift */ = {isa = PBXFileReference; fileEncoding = 4; lastKnownFileType = sourcecode.swift; path = SlideLifeCycleObjectBuilder.swift; sourceTree = "<group>"; };
		86473D731FBB15A400055999 /* TestableLifeCycleObject.swift */ = {isa = PBXFileReference; fileEncoding = 4; lastKnownFileType = sourcecode.swift; path = TestableLifeCycleObject.swift; sourceTree = "<group>"; };
		86473D741FBB15A400055999 /* AppendTests.swift */ = {isa = PBXFileReference; fileEncoding = 4; lastKnownFileType = sourcecode.swift; path = AppendTests.swift; sourceTree = "<group>"; };
		86473D771FBB165700055999 /* TestTitleScrollView.swift */ = {isa = PBXFileReference; lastKnownFileType = sourcecode.swift; path = TestTitleScrollView.swift; sourceTree = "<group>"; };
		86473D791FBB166900055999 /* TestTitleItem.swift */ = {isa = PBXFileReference; lastKnownFileType = sourcecode.swift; path = TestTitleItem.swift; sourceTree = "<group>"; };
		8647C09E1FBC2EF500850ED5 /* RemoveTests.swift */ = {isa = PBXFileReference; lastKnownFileType = sourcecode.swift; path = RemoveTests.swift; sourceTree = "<group>"; };
		86C452551FBB454500BB1542 /* BaseTestCase.swift */ = {isa = PBXFileReference; lastKnownFileType = sourcecode.swift; path = BaseTestCase.swift; sourceTree = "<group>"; };
		86C452571FBB463A00BB1542 /* InsertTests.swift */ = {isa = PBXFileReference; lastKnownFileType = sourcecode.swift; path = InsertTests.swift; sourceTree = "<group>"; };
		86EF198A1FBB219900BD8E73 /* README.md */ = {isa = PBXFileReference; fileEncoding = 4; lastKnownFileType = net.daringfireball.markdown; path = README.md; sourceTree = "<group>"; };
		86EF198B1FBB219900BD8E73 /* LICENSE */ = {isa = PBXFileReference; fileEncoding = 4; lastKnownFileType = text; path = LICENSE; sourceTree = "<group>"; };
		86EF198C1FBB219900BD8E73 /* SlideController.podspec */ = {isa = PBXFileReference; fileEncoding = 4; lastKnownFileType = text; path = SlideController.podspec; sourceTree = "<group>"; };
		DD2C57631FC4129A006CC356 /* LoadTests.swift */ = {isa = PBXFileReference; lastKnownFileType = sourcecode.swift; path = LoadTests.swift; sourceTree = "<group>"; };
		DD30948B1FF51D940035D1CC /* ShiftTests.swift */ = {isa = PBXFileReference; lastKnownFileType = sourcecode.swift; path = ShiftTests.swift; sourceTree = "<group>"; };
/* End PBXFileReference section */

/* Begin PBXFrameworksBuildPhase section */
		86473D3B1FBB150A00055999 /* Frameworks */ = {
			isa = PBXFrameworksBuildPhase;
			buildActionMask = 2147483647;
			files = (
			);
			runOnlyForDeploymentPostprocessing = 0;
		};
		86473D451FBB150A00055999 /* Frameworks */ = {
			isa = PBXFrameworksBuildPhase;
			buildActionMask = 2147483647;
			files = (
				86473D491FBB150A00055999 /* SlideController.framework in Frameworks */,
			);
			runOnlyForDeploymentPostprocessing = 0;
		};
/* End PBXFrameworksBuildPhase section */

/* Begin PBXGroup section */
		86473D351FBB150A00055999 = {
			isa = PBXGroup;
			children = (
				86EF19901FBB21AF00BD8E73 /* Metadata */,
				86473D411FBB150A00055999 /* Source */,
				86473D4C1FBB150A00055999 /* Tests */,
				86473D401FBB150A00055999 /* Products */,
			);
			sourceTree = "<group>";
		};
		86473D401FBB150A00055999 /* Products */ = {
			isa = PBXGroup;
			children = (
				86473D3F1FBB150A00055999 /* SlideController.framework */,
				86473D481FBB150A00055999 /* Tests.xctest */,
			);
			name = Products;
			sourceTree = "<group>";
		};
		86473D411FBB150A00055999 /* Source */ = {
			isa = PBXGroup;
			children = (
				86473D661FBB158C00055999 /* SlideContainerController.swift */,
				86473D5E1FBB158B00055999 /* SlideContainerView.swift */,
				86473D631FBB158B00055999 /* SlideContentController.swift */,
				86473D601FBB158B00055999 /* SlideContentView.swift */,
				86473D5D1FBB158B00055999 /* SlideController.swift */,
				86473D671FBB158C00055999 /* SlideLifeCycleObjectBuilder.swift */,
				86473D5F1FBB158B00055999 /* SlideView.swift */,
				86473D621FBB158B00055999 /* TitleItemController.swift */,
				86473D641FBB158C00055999 /* TitleScrollView.swift */,
				86473D651FBB158C00055999 /* TitleSlidableController.swift */,
				86473D5A1FBB156200055999 /* Supporting Files */,
			);
			path = Source;
			sourceTree = "<group>";
		};
		86473D4C1FBB150A00055999 /* Tests */ = {
			isa = PBXGroup;
			children = (
				86EF19911FBB221500BD8E73 /* Core */,
				86473D741FBB15A400055999 /* AppendTests.swift */,
				86C452571FBB463A00BB1542 /* InsertTests.swift */,
				8647C09E1FBC2EF500850ED5 /* RemoveTests.swift */,
				DD2C57631FC4129A006CC356 /* LoadTests.swift */,
				DD30948B1FF51D940035D1CC /* ShiftTests.swift */,
				86473D5B1FBB157300055999 /* Supporting Files */,
			);
			path = Tests;
			sourceTree = "<group>";
		};
		86473D5A1FBB156200055999 /* Supporting Files */ = {
			isa = PBXGroup;
			children = (
				86473D421FBB150A00055999 /* SlideController.h */,
				86473D431FBB150A00055999 /* Info.plist */,
			);
			path = "Supporting Files";
			sourceTree = "<group>";
		};
		86473D5B1FBB157300055999 /* Supporting Files */ = {
			isa = PBXGroup;
			children = (
				86473D4F1FBB150A00055999 /* Info.plist */,
			);
			path = "Supporting Files";
			sourceTree = "<group>";
		};
		86EF19901FBB21AF00BD8E73 /* Metadata */ = {
			isa = PBXGroup;
			children = (
				86EF198B1FBB219900BD8E73 /* LICENSE */,
				86EF198A1FBB219900BD8E73 /* README.md */,
				86EF198C1FBB219900BD8E73 /* SlideController.podspec */,
			);
			name = Metadata;
			sourceTree = "<group>";
		};
		86EF19911FBB221500BD8E73 /* Core */ = {
			isa = PBXGroup;
			children = (
				86473D791FBB166900055999 /* TestTitleItem.swift */,
				86473D771FBB165700055999 /* TestTitleScrollView.swift */,
				86473D731FBB15A400055999 /* TestableLifeCycleObject.swift */,
				86C452551FBB454500BB1542 /* BaseTestCase.swift */,
			);
			path = Core;
			sourceTree = "<group>";
		};
/* End PBXGroup section */

/* Begin PBXHeadersBuildPhase section */
		86473D3C1FBB150A00055999 /* Headers */ = {
			isa = PBXHeadersBuildPhase;
			buildActionMask = 2147483647;
			files = (
				86473D501FBB150A00055999 /* SlideController.h in Headers */,
			);
			runOnlyForDeploymentPostprocessing = 0;
		};
/* End PBXHeadersBuildPhase section */

/* Begin PBXNativeTarget section */
		86473D3E1FBB150A00055999 /* SlideController */ = {
			isa = PBXNativeTarget;
			buildConfigurationList = 86473D531FBB150A00055999 /* Build configuration list for PBXNativeTarget "SlideController" */;
			buildPhases = (
				86473D3A1FBB150A00055999 /* Sources */,
				86473D3B1FBB150A00055999 /* Frameworks */,
				86473D3C1FBB150A00055999 /* Headers */,
				86473D3D1FBB150A00055999 /* Resources */,
			);
			buildRules = (
			);
			dependencies = (
			);
			name = SlideController;
			productName = SlideController;
			productReference = 86473D3F1FBB150A00055999 /* SlideController.framework */;
			productType = "com.apple.product-type.framework";
		};
		86473D471FBB150A00055999 /* Tests */ = {
			isa = PBXNativeTarget;
			buildConfigurationList = 86473D561FBB150A00055999 /* Build configuration list for PBXNativeTarget "Tests" */;
			buildPhases = (
				86473D441FBB150A00055999 /* Sources */,
				86473D451FBB150A00055999 /* Frameworks */,
				86473D461FBB150A00055999 /* Resources */,
			);
			buildRules = (
			);
			dependencies = (
				86473D4B1FBB150A00055999 /* PBXTargetDependency */,
			);
			name = Tests;
			productName = SlideControllerTests;
			productReference = 86473D481FBB150A00055999 /* Tests.xctest */;
			productType = "com.apple.product-type.bundle.unit-test";
		};
/* End PBXNativeTarget section */

/* Begin PBXProject section */
		86473D361FBB150A00055999 /* Project object */ = {
			isa = PBXProject;
			attributes = {
				LastSwiftUpdateCheck = 0910;
				LastUpgradeCheck = 0910;
				ORGANIZATIONNAME = "Touchlane LLC";
				TargetAttributes = {
					86473D3E1FBB150A00055999 = {
						CreatedOnToolsVersion = 9.1;
						LastSwiftMigration = 0910;
						ProvisioningStyle = Automatic;
					};
					86473D471FBB150A00055999 = {
						CreatedOnToolsVersion = 9.1;
						ProvisioningStyle = Automatic;
					};
				};
			};
			buildConfigurationList = 86473D391FBB150A00055999 /* Build configuration list for PBXProject "SlideController" */;
			compatibilityVersion = "Xcode 8.0";
			developmentRegion = en;
			hasScannedForEncodings = 0;
			knownRegions = (
				en,
			);
			mainGroup = 86473D351FBB150A00055999;
			productRefGroup = 86473D401FBB150A00055999 /* Products */;
			projectDirPath = "";
			projectRoot = "";
			targets = (
				86473D3E1FBB150A00055999 /* SlideController */,
				86473D471FBB150A00055999 /* Tests */,
			);
		};
/* End PBXProject section */

/* Begin PBXResourcesBuildPhase section */
		86473D3D1FBB150A00055999 /* Resources */ = {
			isa = PBXResourcesBuildPhase;
			buildActionMask = 2147483647;
			files = (
				86EF198E1FBB219900BD8E73 /* LICENSE in Resources */,
				86EF198D1FBB219900BD8E73 /* README.md in Resources */,
				86EF198F1FBB219900BD8E73 /* SlideController.podspec in Resources */,
			);
			runOnlyForDeploymentPostprocessing = 0;
		};
		86473D461FBB150A00055999 /* Resources */ = {
			isa = PBXResourcesBuildPhase;
			buildActionMask = 2147483647;
			files = (
			);
			runOnlyForDeploymentPostprocessing = 0;
		};
/* End PBXResourcesBuildPhase section */

/* Begin PBXSourcesBuildPhase section */
		86473D3A1FBB150A00055999 /* Sources */ = {
			isa = PBXSourcesBuildPhase;
			buildActionMask = 2147483647;
			files = (
				86473D6B1FBB158C00055999 /* SlideContentView.swift in Sources */,
				86473D6A1FBB158C00055999 /* SlideView.swift in Sources */,
				86473D691FBB158C00055999 /* SlideContainerView.swift in Sources */,
				86473D721FBB158C00055999 /* SlideLifeCycleObjectBuilder.swift in Sources */,
				86473D701FBB158C00055999 /* TitleSlidableController.swift in Sources */,
				86473D6F1FBB158C00055999 /* TitleScrollView.swift in Sources */,
				86473D681FBB158C00055999 /* SlideController.swift in Sources */,
				86473D6D1FBB158C00055999 /* TitleItemController.swift in Sources */,
				86473D6E1FBB158C00055999 /* SlideContentController.swift in Sources */,
				86473D711FBB158C00055999 /* SlideContainerController.swift in Sources */,
			);
			runOnlyForDeploymentPostprocessing = 0;
		};
		86473D441FBB150A00055999 /* Sources */ = {
			isa = PBXSourcesBuildPhase;
			buildActionMask = 2147483647;
			files = (
				DD30948C1FF51D940035D1CC /* ShiftTests.swift in Sources */,
				86473D781FBB165700055999 /* TestTitleScrollView.swift in Sources */,
				86473D7A1FBB166900055999 /* TestTitleItem.swift in Sources */,
				86C452581FBB463A00BB1542 /* InsertTests.swift in Sources */,
				86C452561FBB454500BB1542 /* BaseTestCase.swift in Sources */,
				86473D761FBB15A400055999 /* AppendTests.swift in Sources */,
				DD2C57641FC4129A006CC356 /* LoadTests.swift in Sources */,
				86473D751FBB15A400055999 /* TestableLifeCycleObject.swift in Sources */,
				8647C09F1FBC2EF500850ED5 /* RemoveTests.swift in Sources */,
			);
			runOnlyForDeploymentPostprocessing = 0;
		};
/* End PBXSourcesBuildPhase section */

/* Begin PBXTargetDependency section */
		86473D4B1FBB150A00055999 /* PBXTargetDependency */ = {
			isa = PBXTargetDependency;
			target = 86473D3E1FBB150A00055999 /* SlideController */;
			targetProxy = 86473D4A1FBB150A00055999 /* PBXContainerItemProxy */;
		};
/* End PBXTargetDependency section */

/* Begin XCBuildConfiguration section */
		86473D511FBB150A00055999 /* Debug */ = {
			isa = XCBuildConfiguration;
			buildSettings = {
				ALWAYS_SEARCH_USER_PATHS = NO;
				CLANG_ANALYZER_NONNULL = YES;
				CLANG_ANALYZER_NUMBER_OBJECT_CONVERSION = YES_AGGRESSIVE;
				CLANG_CXX_LANGUAGE_STANDARD = "gnu++14";
				CLANG_CXX_LIBRARY = "libc++";
				CLANG_ENABLE_MODULES = YES;
				CLANG_ENABLE_OBJC_ARC = YES;
				CLANG_WARN_BLOCK_CAPTURE_AUTORELEASING = YES;
				CLANG_WARN_BOOL_CONVERSION = YES;
				CLANG_WARN_COMMA = YES;
				CLANG_WARN_CONSTANT_CONVERSION = YES;
				CLANG_WARN_DIRECT_OBJC_ISA_USAGE = YES_ERROR;
				CLANG_WARN_DOCUMENTATION_COMMENTS = YES;
				CLANG_WARN_EMPTY_BODY = YES;
				CLANG_WARN_ENUM_CONVERSION = YES;
				CLANG_WARN_INFINITE_RECURSION = YES;
				CLANG_WARN_INT_CONVERSION = YES;
				CLANG_WARN_NON_LITERAL_NULL_CONVERSION = YES;
				CLANG_WARN_OBJC_LITERAL_CONVERSION = YES;
				CLANG_WARN_OBJC_ROOT_CLASS = YES_ERROR;
				CLANG_WARN_RANGE_LOOP_ANALYSIS = YES;
				CLANG_WARN_STRICT_PROTOTYPES = YES;
				CLANG_WARN_SUSPICIOUS_MOVE = YES;
				CLANG_WARN_UNGUARDED_AVAILABILITY = YES_AGGRESSIVE;
				CLANG_WARN_UNREACHABLE_CODE = YES;
				CLANG_WARN__DUPLICATE_METHOD_MATCH = YES;
				CODE_SIGN_IDENTITY = "iPhone Developer";
				COPY_PHASE_STRIP = NO;
				CURRENT_PROJECT_VERSION = 1;
				DEBUG_INFORMATION_FORMAT = dwarf;
				ENABLE_STRICT_OBJC_MSGSEND = YES;
				ENABLE_TESTABILITY = YES;
				GCC_C_LANGUAGE_STANDARD = gnu11;
				GCC_DYNAMIC_NO_PIC = NO;
				GCC_NO_COMMON_BLOCKS = YES;
				GCC_OPTIMIZATION_LEVEL = 0;
				GCC_PREPROCESSOR_DEFINITIONS = (
					"DEBUG=1",
					"$(inherited)",
				);
				GCC_WARN_64_TO_32_BIT_CONVERSION = YES;
				GCC_WARN_ABOUT_RETURN_TYPE = YES_ERROR;
				GCC_WARN_UNDECLARED_SELECTOR = YES;
				GCC_WARN_UNINITIALIZED_AUTOS = YES_AGGRESSIVE;
				GCC_WARN_UNUSED_FUNCTION = YES;
				GCC_WARN_UNUSED_VARIABLE = YES;
				IPHONEOS_DEPLOYMENT_TARGET = 9.0;
				MTL_ENABLE_DEBUG_INFO = YES;
				ONLY_ACTIVE_ARCH = YES;
				SDKROOT = iphoneos;
				SWIFT_ACTIVE_COMPILATION_CONDITIONS = DEBUG;
				SWIFT_OPTIMIZATION_LEVEL = "-Onone";
				VERSIONING_SYSTEM = "apple-generic";
				VERSION_INFO_PREFIX = "";
			};
			name = Debug;
		};
		86473D521FBB150A00055999 /* Release */ = {
			isa = XCBuildConfiguration;
			buildSettings = {
				ALWAYS_SEARCH_USER_PATHS = NO;
				CLANG_ANALYZER_NONNULL = YES;
				CLANG_ANALYZER_NUMBER_OBJECT_CONVERSION = YES_AGGRESSIVE;
				CLANG_CXX_LANGUAGE_STANDARD = "gnu++14";
				CLANG_CXX_LIBRARY = "libc++";
				CLANG_ENABLE_MODULES = YES;
				CLANG_ENABLE_OBJC_ARC = YES;
				CLANG_WARN_BLOCK_CAPTURE_AUTORELEASING = YES;
				CLANG_WARN_BOOL_CONVERSION = YES;
				CLANG_WARN_COMMA = YES;
				CLANG_WARN_CONSTANT_CONVERSION = YES;
				CLANG_WARN_DIRECT_OBJC_ISA_USAGE = YES_ERROR;
				CLANG_WARN_DOCUMENTATION_COMMENTS = YES;
				CLANG_WARN_EMPTY_BODY = YES;
				CLANG_WARN_ENUM_CONVERSION = YES;
				CLANG_WARN_INFINITE_RECURSION = YES;
				CLANG_WARN_INT_CONVERSION = YES;
				CLANG_WARN_NON_LITERAL_NULL_CONVERSION = YES;
				CLANG_WARN_OBJC_LITERAL_CONVERSION = YES;
				CLANG_WARN_OBJC_ROOT_CLASS = YES_ERROR;
				CLANG_WARN_RANGE_LOOP_ANALYSIS = YES;
				CLANG_WARN_STRICT_PROTOTYPES = YES;
				CLANG_WARN_SUSPICIOUS_MOVE = YES;
				CLANG_WARN_UNGUARDED_AVAILABILITY = YES_AGGRESSIVE;
				CLANG_WARN_UNREACHABLE_CODE = YES;
				CLANG_WARN__DUPLICATE_METHOD_MATCH = YES;
				CODE_SIGN_IDENTITY = "iPhone Developer";
				COPY_PHASE_STRIP = NO;
				CURRENT_PROJECT_VERSION = 1;
				DEBUG_INFORMATION_FORMAT = "dwarf-with-dsym";
				ENABLE_NS_ASSERTIONS = NO;
				ENABLE_STRICT_OBJC_MSGSEND = YES;
				GCC_C_LANGUAGE_STANDARD = gnu11;
				GCC_NO_COMMON_BLOCKS = YES;
				GCC_WARN_64_TO_32_BIT_CONVERSION = YES;
				GCC_WARN_ABOUT_RETURN_TYPE = YES_ERROR;
				GCC_WARN_UNDECLARED_SELECTOR = YES;
				GCC_WARN_UNINITIALIZED_AUTOS = YES_AGGRESSIVE;
				GCC_WARN_UNUSED_FUNCTION = YES;
				GCC_WARN_UNUSED_VARIABLE = YES;
				IPHONEOS_DEPLOYMENT_TARGET = 9.0;
				MTL_ENABLE_DEBUG_INFO = NO;
				SDKROOT = iphoneos;
				SWIFT_OPTIMIZATION_LEVEL = "-Owholemodule";
				VALIDATE_PRODUCT = YES;
				VERSIONING_SYSTEM = "apple-generic";
				VERSION_INFO_PREFIX = "";
			};
			name = Release;
		};
		86473D541FBB150A00055999 /* Debug */ = {
			isa = XCBuildConfiguration;
			buildSettings = {
				CLANG_ENABLE_MODULES = YES;
				CODE_SIGN_IDENTITY = "";
				CODE_SIGN_STYLE = Automatic;
				DEFINES_MODULE = YES;
				DYLIB_COMPATIBILITY_VERSION = 1;
				DYLIB_CURRENT_VERSION = 1;
				DYLIB_INSTALL_NAME_BASE = "@rpath";
				INFOPLIST_FILE = "Source/Supporting Files/Info.plist";
				INSTALL_PATH = "$(LOCAL_LIBRARY_DIR)/Frameworks";
				LD_RUNPATH_SEARCH_PATHS = "$(inherited) @executable_path/Frameworks @loader_path/Frameworks";
				OTHER_SWIFT_FLAGS = "";
				PRODUCT_BUNDLE_IDENTIFIER = com.touchlane.SlideController;
				PRODUCT_NAME = "$(TARGET_NAME:c99extidentifier)";
				SKIP_INSTALL = YES;
				SWIFT_OPTIMIZATION_LEVEL = "-Onone";
				SWIFT_VERSION = 4.0;
				TARGETED_DEVICE_FAMILY = "1,2";
			};
			name = Debug;
		};
		86473D551FBB150A00055999 /* Release */ = {
			isa = XCBuildConfiguration;
			buildSettings = {
				CLANG_ENABLE_MODULES = YES;
				CODE_SIGN_IDENTITY = "";
				CODE_SIGN_STYLE = Automatic;
				DEFINES_MODULE = YES;
				DYLIB_COMPATIBILITY_VERSION = 1;
				DYLIB_CURRENT_VERSION = 1;
				DYLIB_INSTALL_NAME_BASE = "@rpath";
				INFOPLIST_FILE = "Source/Supporting Files/Info.plist";
				INSTALL_PATH = "$(LOCAL_LIBRARY_DIR)/Frameworks";
				LD_RUNPATH_SEARCH_PATHS = "$(inherited) @executable_path/Frameworks @loader_path/Frameworks";
				OTHER_SWIFT_FLAGS = "";
				PRODUCT_BUNDLE_IDENTIFIER = com.touchlane.SlideController;
				PRODUCT_NAME = "$(TARGET_NAME:c99extidentifier)";
				SKIP_INSTALL = YES;
				SWIFT_VERSION = 4.0;
				TARGETED_DEVICE_FAMILY = "1,2";
			};
			name = Release;
		};
		86473D571FBB150A00055999 /* Debug */ = {
			isa = XCBuildConfiguration;
			buildSettings = {
				ALWAYS_EMBED_SWIFT_STANDARD_LIBRARIES = YES;
				CODE_SIGN_STYLE = Automatic;
				INFOPLIST_FILE = "Tests/Supporting Files/Info.plist";
				LD_RUNPATH_SEARCH_PATHS = "$(inherited) @executable_path/Frameworks @loader_path/Frameworks";
				PRODUCT_BUNDLE_IDENTIFIER = com.touchlane.SlideControllerTests;
				PRODUCT_NAME = "$(TARGET_NAME)";
				SWIFT_VERSION = 4.0;
				TARGETED_DEVICE_FAMILY = "1,2";
			};
			name = Debug;
		};
		86473D581FBB150A00055999 /* Release */ = {
			isa = XCBuildConfiguration;
			buildSettings = {
				ALWAYS_EMBED_SWIFT_STANDARD_LIBRARIES = YES;
				CODE_SIGN_STYLE = Automatic;
				INFOPLIST_FILE = "Tests/Supporting Files/Info.plist";
				LD_RUNPATH_SEARCH_PATHS = "$(inherited) @executable_path/Frameworks @loader_path/Frameworks";
				PRODUCT_BUNDLE_IDENTIFIER = com.touchlane.SlideControllerTests;
				PRODUCT_NAME = "$(TARGET_NAME)";
				SWIFT_VERSION = 4.0;
				TARGETED_DEVICE_FAMILY = "1,2";
			};
			name = Release;
		};
/* End XCBuildConfiguration section */

/* Begin XCConfigurationList section */
		86473D391FBB150A00055999 /* Build configuration list for PBXProject "SlideController" */ = {
			isa = XCConfigurationList;
			buildConfigurations = (
				86473D511FBB150A00055999 /* Debug */,
				86473D521FBB150A00055999 /* Release */,
			);
			defaultConfigurationIsVisible = 0;
			defaultConfigurationName = Release;
		};
		86473D531FBB150A00055999 /* Build configuration list for PBXNativeTarget "SlideController" */ = {
			isa = XCConfigurationList;
			buildConfigurations = (
				86473D541FBB150A00055999 /* Debug */,
				86473D551FBB150A00055999 /* Release */,
			);
			defaultConfigurationIsVisible = 0;
			defaultConfigurationName = Release;
		};
		86473D561FBB150A00055999 /* Build configuration list for PBXNativeTarget "Tests" */ = {
			isa = XCConfigurationList;
			buildConfigurations = (
				86473D571FBB150A00055999 /* Debug */,
				86473D581FBB150A00055999 /* Release */,
			);
			defaultConfigurationIsVisible = 0;
			defaultConfigurationName = Release;
		};
/* End XCConfigurationList section */
	};
	rootObject = 86473D361FBB150A00055999 /* Project object */;
}
